
Microsoft Visual Studio Solution File, Format Version 11.00
# Visual Studio 2010
Project("{2150E333-8FDC-42A3-9474-1A3956D46DE8}") = "Views", "Views", "{94AD8B9D-52E4-490B-BD05-A98169531A57}"
EndProject
Project("{2150E333-8FDC-42A3-9474-1A3956D46DE8}") = "UMLs", "UMLs", "{E727B418-12AA-459E-83ED-805BF0C0B7AF}"
	ProjectSection(SolutionItems) = preProject
		SQLCompact\SQLCE.edmx.sqlce = SQLCompact\SQLCE.edmx.sqlce
	EndProjectSection
EndProject
Project("{2150E333-8FDC-42A3-9474-1A3956D46DE8}") = "DALs", "DALs", "{FC5CA7BA-0CF9-4DF0-AE83-94E7EB47C58A}"
EndProject
Project("{2150E333-8FDC-42A3-9474-1A3956D46DE8}") = "BLLs", "BLLs", "{9EC71D0A-50B6-471E-878A-E04C72D4BB2F}"
EndProject
Project("{2150E333-8FDC-42A3-9474-1A3956D46DE8}") = "Tests", "Tests", "{EC5B1719-987C-4AE2-A47C-9E5338B8FEAA}"
EndProject
Project("{FAE04EC0-301F-11D3-BF4B-00C04F79EFBC}") = "BLL.LedgerManagement", "BLL\Core\BLL.LedgerManagement\BLL.LedgerManagement.csproj", "{26FC262D-1525-4215-9099-F71C5A25B3C4}"
EndProject
Project("{FAE04EC0-301F-11D3-BF4B-00C04F79EFBC}") = "BLL.Model", "BLL\CommonSection\BLL.Model\BLL.Model.csproj", "{9D885213-6EFF-4B7E-8CB0-68F16009042A}"
EndProject
Project("{FAE04EC0-301F-11D3-BF4B-00C04F79EFBC}") = "BLL.ProjectManagement", "BLL\Core\BLL.ProjectManagement\BLL.ProjectManagement.csproj", "{78BBE281-F205-49D8-A22B-AA912F320856}"
EndProject
Project("{FAE04EC0-301F-11D3-BF4B-00C04F79EFBC}") = "BLL.Utils", "BLL\HelperService\BLL.Utils\BLL.Utils.csproj", "{841EE9FD-8034-4CB2-A7A2-4E1692564FBF}"
EndProject
Project("{FAE04EC0-301F-11D3-BF4B-00C04F79EFBC}") = "BLL.VoucherManagement", "BLL\Core\BLL.VoucherManagement\BLL.VoucherManagement.csproj", "{A7B3773D-9D33-4AA0-A2A2-6FF94EB27E0F}"
EndProject
Project("{FAE04EC0-301F-11D3-BF4B-00C04F79EFBC}") = "SQL2K8", "DALs\SQL2K8\SQL2K8.csproj", "{BA605CD0-1CB4-4289-B4C7-CA6B2DC928BA}"
EndProject
Project("{FAE04EC0-301F-11D3-BF4B-00C04F79EFBC}") = "BLL.VoucherManagement.Test", "Tests\BLL.VoucherManagement.Test\BLL.VoucherManagement.Test.csproj", "{3A161D3D-4BC0-4B74-AB05-E814235A04CB}"
EndProject
Project("{F088123C-0E9E-452A-89E6-6BA2F21D5CAC}") = "BLL.UML", "UMLs\BLL.UML\BLL.UML.modelproj", "{72820A78-388A-44CF-868B-86C64BD1839B}"
EndProject
Project("{F088123C-0E9E-452A-89E6-6BA2F21D5CAC}") = "GKS.UML", "UMLs\GKS.UML\GKS.UML.modelproj", "{62091E95-9806-4650-844A-F02CA6E6E13F}"
EndProject
Project("{FAE04EC0-301F-11D3-BF4B-00C04F79EFBC}") = "GKS.Model", "Views\GKS.Model\GKS.Model.csproj", "{442CFA8B-3C4A-4F12-9FB4-92B68D44A857}"
EndProject
Project("{FAE04EC0-301F-11D3-BF4B-00C04F79EFBC}") = "GKS.XAML", "Views\GKS.XAML\GKS.XAML.csproj", "{2297E0DA-85BE-4B96-9EFF-B6FA86CE80B3}"
EndProject
Project("{FAE04EC0-301F-11D3-BF4B-00C04F79EFBC}") = "BLL.ParameterManagement", "BLL\Core\BLL.ParameterManagement\BLL.ParameterManagement.csproj", "{A69B11C2-FF50-4646-B7D3-5F6F64C2912B}"
EndProject
Project("{FAE04EC0-301F-11D3-BF4B-00C04F79EFBC}") = "BLL.ConfigurationManagement", "BLL\Core\BLL.ConfigurationManagement\BLL.ConfigurationManagement.csproj", "{197248D3-A613-4853-8299-872840BF3D49}"
EndProject
Project("{FAE04EC0-301F-11D3-BF4B-00C04F79EFBC}") = "BLL.Messaging", "BLL\HelperService\BLL.Messaging\BLL.Messaging.csproj", "{9CFB283A-35EA-4E70-A75B-25CBDD5883C8}"
EndProject
Project("{FAE04EC0-301F-11D3-BF4B-00C04F79EFBC}") = "BLL.BudgetManagement", "BLL\Core\BLL.BudgetManagement\BLL.BudgetManagement.csproj", "{9DEC4C54-CB4E-46C2-B346-84BAF9AD2A23}"
EndProject
Project("{FAE04EC0-301F-11D3-BF4B-00C04F79EFBC}") = "BLL.LogProvider", "BLL\HelperService\BLL.LogProvider\BLL.LogProvider.csproj", "{C98FCB75-CAEF-438F-B06D-436D56A40000}"
EndProject
Project("{FAE04EC0-301F-11D3-BF4B-00C04F79EFBC}") = "BLL.Factories", "BLL\CommonSection\BLL.Factories\BLL.Factories.csproj", "{406CACEA-6D54-480C-A284-A5A97314D994}"
EndProject
Project("{2150E333-8FDC-42A3-9474-1A3956D46DE8}") = "CommonSection", "CommonSection", "{086221B5-E395-43A7-B3BA-D566E8BE2C6A}"
EndProject
Project("{2150E333-8FDC-42A3-9474-1A3956D46DE8}") = "Core", "Core", "{1FCAFDEF-AB34-4259-B208-79175E30C876}"
EndProject
Project("{2150E333-8FDC-42A3-9474-1A3956D46DE8}") = "HelperService", "HelperService", "{667A138F-AB92-4D79-8073-6BA5E30F8D8C}"
EndProject
Project("{FAE04EC0-301F-11D3-BF4B-00C04F79EFBC}") = "CodeFirst", "DALs\CodeFirst\CodeFirst.csproj", "{C1998A36-E3F7-417D-9B8A-034870A36919}"
EndProject
Project("{FAE04EC0-301F-11D3-BF4B-00C04F79EFBC}") = "GKS.Reports", "Views\GKS.Reports\GKS.Reports.csproj", "{EB0F7B30-4AF0-4A60-9A5D-63E96CAD3592}"
EndProject

Project("{FAE04EC0-301F-11D3-BF4B-00C04F79EFBC}") = "BLL.FixedAssetSchedule", "BLL\Core\BLL.FixedAssetSchedule\BLL.FixedAssetSchedule.csproj", "{9FA1C5B1-AD12-4356-A6E6-FCD1BB9361C9}"
EndProject
Project("{FAE04EC0-301F-11D3-BF4B-00C04F79EFBC}") = "BLL.LedgerManagement.Test", "Tests\BLL.LedgerManagement.Test\BLL.LedgerManagement.Test.csproj", "{EA056304-F741-47A4-A0FC-64A5BF099569}"

EndProject

Global
	GlobalSection(TestCaseManagementSettings) = postSolution
		CategoryFile = SmartAccount.vsmdi
	EndGlobalSection
	GlobalSection(SolutionConfigurationPlatforms) = preSolution
		Debug|Any CPU = Debug|Any CPU
		Debug|Mixed Platforms = Debug|Mixed Platforms
		Debug|x86 = Debug|x86
		Release with Code Analysis|Any CPU = Release with Code Analysis|Any CPU
		Release with Code Analysis|Mixed Platforms = Release with Code Analysis|Mixed Platforms
		Release with Code Analysis|x86 = Release with Code Analysis|x86
		Release|Any CPU = Release|Any CPU
		Release|Mixed Platforms = Release|Mixed Platforms
		Release|x86 = Release|x86
	EndGlobalSection
	GlobalSection(ProjectConfigurationPlatforms) = postSolution
		{26FC262D-1525-4215-9099-F71C5A25B3C4}.Debug|Any CPU.ActiveCfg = Debug|Any CPU
		{26FC262D-1525-4215-9099-F71C5A25B3C4}.Debug|Any CPU.Build.0 = Debug|Any CPU
		{26FC262D-1525-4215-9099-F71C5A25B3C4}.Debug|Mixed Platforms.ActiveCfg = Debug|Any CPU
		{26FC262D-1525-4215-9099-F71C5A25B3C4}.Debug|Mixed Platforms.Build.0 = Debug|Any CPU
		{26FC262D-1525-4215-9099-F71C5A25B3C4}.Debug|x86.ActiveCfg = Debug|Any CPU
		{26FC262D-1525-4215-9099-F71C5A25B3C4}.Release with Code Analysis|Any CPU.ActiveCfg = Release|Any CPU
		{26FC262D-1525-4215-9099-F71C5A25B3C4}.Release with Code Analysis|Any CPU.Build.0 = Release|Any CPU
		{26FC262D-1525-4215-9099-F71C5A25B3C4}.Release with Code Analysis|Mixed Platforms.ActiveCfg = Release|Any CPU
		{26FC262D-1525-4215-9099-F71C5A25B3C4}.Release with Code Analysis|Mixed Platforms.Build.0 = Release|Any CPU
		{26FC262D-1525-4215-9099-F71C5A25B3C4}.Release with Code Analysis|x86.ActiveCfg = Release|Any CPU
		{26FC262D-1525-4215-9099-F71C5A25B3C4}.Release|Any CPU.ActiveCfg = Release|Any CPU
		{26FC262D-1525-4215-9099-F71C5A25B3C4}.Release|Any CPU.Build.0 = Release|Any CPU
		{26FC262D-1525-4215-9099-F71C5A25B3C4}.Release|Mixed Platforms.ActiveCfg = Release|Any CPU
		{26FC262D-1525-4215-9099-F71C5A25B3C4}.Release|Mixed Platforms.Build.0 = Release|Any CPU
		{26FC262D-1525-4215-9099-F71C5A25B3C4}.Release|x86.ActiveCfg = Release|Any CPU
		{9D885213-6EFF-4B7E-8CB0-68F16009042A}.Debug|Any CPU.ActiveCfg = Debug|Any CPU
		{9D885213-6EFF-4B7E-8CB0-68F16009042A}.Debug|Any CPU.Build.0 = Debug|Any CPU
		{9D885213-6EFF-4B7E-8CB0-68F16009042A}.Debug|Mixed Platforms.ActiveCfg = Debug|Any CPU
		{9D885213-6EFF-4B7E-8CB0-68F16009042A}.Debug|Mixed Platforms.Build.0 = Debug|Any CPU
		{9D885213-6EFF-4B7E-8CB0-68F16009042A}.Debug|x86.ActiveCfg = Debug|Any CPU
		{9D885213-6EFF-4B7E-8CB0-68F16009042A}.Release with Code Analysis|Any CPU.ActiveCfg = Release|Any CPU
		{9D885213-6EFF-4B7E-8CB0-68F16009042A}.Release with Code Analysis|Any CPU.Build.0 = Release|Any CPU
		{9D885213-6EFF-4B7E-8CB0-68F16009042A}.Release with Code Analysis|Mixed Platforms.ActiveCfg = Release|Any CPU
		{9D885213-6EFF-4B7E-8CB0-68F16009042A}.Release with Code Analysis|Mixed Platforms.Build.0 = Release|Any CPU
		{9D885213-6EFF-4B7E-8CB0-68F16009042A}.Release with Code Analysis|x86.ActiveCfg = Release|Any CPU
		{9D885213-6EFF-4B7E-8CB0-68F16009042A}.Release|Any CPU.ActiveCfg = Release|Any CPU
		{9D885213-6EFF-4B7E-8CB0-68F16009042A}.Release|Any CPU.Build.0 = Release|Any CPU
		{9D885213-6EFF-4B7E-8CB0-68F16009042A}.Release|Mixed Platforms.ActiveCfg = Release|Any CPU
		{9D885213-6EFF-4B7E-8CB0-68F16009042A}.Release|Mixed Platforms.Build.0 = Release|Any CPU
		{9D885213-6EFF-4B7E-8CB0-68F16009042A}.Release|x86.ActiveCfg = Release|Any CPU
		{78BBE281-F205-49D8-A22B-AA912F320856}.Debug|Any CPU.ActiveCfg = Debug|Any CPU
		{78BBE281-F205-49D8-A22B-AA912F320856}.Debug|Any CPU.Build.0 = Debug|Any CPU
		{78BBE281-F205-49D8-A22B-AA912F320856}.Debug|Mixed Platforms.ActiveCfg = Debug|Any CPU
		{78BBE281-F205-49D8-A22B-AA912F320856}.Debug|Mixed Platforms.Build.0 = Debug|Any CPU
		{78BBE281-F205-49D8-A22B-AA912F320856}.Debug|x86.ActiveCfg = Debug|Any CPU
		{78BBE281-F205-49D8-A22B-AA912F320856}.Release with Code Analysis|Any CPU.ActiveCfg = Release|Any CPU
		{78BBE281-F205-49D8-A22B-AA912F320856}.Release with Code Analysis|Any CPU.Build.0 = Release|Any CPU
		{78BBE281-F205-49D8-A22B-AA912F320856}.Release with Code Analysis|Mixed Platforms.ActiveCfg = Release|Any CPU
		{78BBE281-F205-49D8-A22B-AA912F320856}.Release with Code Analysis|Mixed Platforms.Build.0 = Release|Any CPU
		{78BBE281-F205-49D8-A22B-AA912F320856}.Release with Code Analysis|x86.ActiveCfg = Release|Any CPU
		{78BBE281-F205-49D8-A22B-AA912F320856}.Release|Any CPU.ActiveCfg = Release|Any CPU
		{78BBE281-F205-49D8-A22B-AA912F320856}.Release|Any CPU.Build.0 = Release|Any CPU
		{78BBE281-F205-49D8-A22B-AA912F320856}.Release|Mixed Platforms.ActiveCfg = Release|Any CPU
		{78BBE281-F205-49D8-A22B-AA912F320856}.Release|Mixed Platforms.Build.0 = Release|Any CPU
		{78BBE281-F205-49D8-A22B-AA912F320856}.Release|x86.ActiveCfg = Release|Any CPU
		{841EE9FD-8034-4CB2-A7A2-4E1692564FBF}.Debug|Any CPU.ActiveCfg = Debug|Any CPU
		{841EE9FD-8034-4CB2-A7A2-4E1692564FBF}.Debug|Any CPU.Build.0 = Debug|Any CPU
		{841EE9FD-8034-4CB2-A7A2-4E1692564FBF}.Debug|Mixed Platforms.ActiveCfg = Debug|Any CPU
		{841EE9FD-8034-4CB2-A7A2-4E1692564FBF}.Debug|Mixed Platforms.Build.0 = Debug|Any CPU
		{841EE9FD-8034-4CB2-A7A2-4E1692564FBF}.Debug|x86.ActiveCfg = Debug|Any CPU
		{841EE9FD-8034-4CB2-A7A2-4E1692564FBF}.Release with Code Analysis|Any CPU.ActiveCfg = Release|Any CPU
		{841EE9FD-8034-4CB2-A7A2-4E1692564FBF}.Release with Code Analysis|Any CPU.Build.0 = Release|Any CPU
		{841EE9FD-8034-4CB2-A7A2-4E1692564FBF}.Release with Code Analysis|Mixed Platforms.ActiveCfg = Release|Any CPU
		{841EE9FD-8034-4CB2-A7A2-4E1692564FBF}.Release with Code Analysis|Mixed Platforms.Build.0 = Release|Any CPU
		{841EE9FD-8034-4CB2-A7A2-4E1692564FBF}.Release with Code Analysis|x86.ActiveCfg = Release|Any CPU
		{841EE9FD-8034-4CB2-A7A2-4E1692564FBF}.Release|Any CPU.ActiveCfg = Release|Any CPU
		{841EE9FD-8034-4CB2-A7A2-4E1692564FBF}.Release|Any CPU.Build.0 = Release|Any CPU
		{841EE9FD-8034-4CB2-A7A2-4E1692564FBF}.Release|Mixed Platforms.ActiveCfg = Release|Any CPU
		{841EE9FD-8034-4CB2-A7A2-4E1692564FBF}.Release|Mixed Platforms.Build.0 = Release|Any CPU
		{841EE9FD-8034-4CB2-A7A2-4E1692564FBF}.Release|x86.ActiveCfg = Release|Any CPU
		{A7B3773D-9D33-4AA0-A2A2-6FF94EB27E0F}.Debug|Any CPU.ActiveCfg = Debug|Any CPU
		{A7B3773D-9D33-4AA0-A2A2-6FF94EB27E0F}.Debug|Any CPU.Build.0 = Debug|Any CPU
		{A7B3773D-9D33-4AA0-A2A2-6FF94EB27E0F}.Debug|Mixed Platforms.ActiveCfg = Debug|Any CPU
		{A7B3773D-9D33-4AA0-A2A2-6FF94EB27E0F}.Debug|Mixed Platforms.Build.0 = Debug|Any CPU
		{A7B3773D-9D33-4AA0-A2A2-6FF94EB27E0F}.Debug|x86.ActiveCfg = Debug|Any CPU
		{A7B3773D-9D33-4AA0-A2A2-6FF94EB27E0F}.Release with Code Analysis|Any CPU.ActiveCfg = Release|Any CPU
		{A7B3773D-9D33-4AA0-A2A2-6FF94EB27E0F}.Release with Code Analysis|Any CPU.Build.0 = Release|Any CPU
		{A7B3773D-9D33-4AA0-A2A2-6FF94EB27E0F}.Release with Code Analysis|Mixed Platforms.ActiveCfg = Release|Any CPU
		{A7B3773D-9D33-4AA0-A2A2-6FF94EB27E0F}.Release with Code Analysis|Mixed Platforms.Build.0 = Release|Any CPU
		{A7B3773D-9D33-4AA0-A2A2-6FF94EB27E0F}.Release with Code Analysis|x86.ActiveCfg = Release|Any CPU
		{A7B3773D-9D33-4AA0-A2A2-6FF94EB27E0F}.Release|Any CPU.ActiveCfg = Release|Any CPU
		{A7B3773D-9D33-4AA0-A2A2-6FF94EB27E0F}.Release|Any CPU.Build.0 = Release|Any CPU
		{A7B3773D-9D33-4AA0-A2A2-6FF94EB27E0F}.Release|Mixed Platforms.ActiveCfg = Release|Any CPU
		{A7B3773D-9D33-4AA0-A2A2-6FF94EB27E0F}.Release|Mixed Platforms.Build.0 = Release|Any CPU
		{A7B3773D-9D33-4AA0-A2A2-6FF94EB27E0F}.Release|x86.ActiveCfg = Release|Any CPU
		{BA605CD0-1CB4-4289-B4C7-CA6B2DC928BA}.Debug|Any CPU.ActiveCfg = Debug|Any CPU
		{BA605CD0-1CB4-4289-B4C7-CA6B2DC928BA}.Debug|Any CPU.Build.0 = Debug|Any CPU
		{BA605CD0-1CB4-4289-B4C7-CA6B2DC928BA}.Debug|Mixed Platforms.ActiveCfg = Debug|Any CPU
		{BA605CD0-1CB4-4289-B4C7-CA6B2DC928BA}.Debug|Mixed Platforms.Build.0 = Debug|Any CPU
		{BA605CD0-1CB4-4289-B4C7-CA6B2DC928BA}.Debug|x86.ActiveCfg = Debug|Any CPU
		{BA605CD0-1CB4-4289-B4C7-CA6B2DC928BA}.Release with Code Analysis|Any CPU.ActiveCfg = Release|Any CPU
		{BA605CD0-1CB4-4289-B4C7-CA6B2DC928BA}.Release with Code Analysis|Any CPU.Build.0 = Release|Any CPU
		{BA605CD0-1CB4-4289-B4C7-CA6B2DC928BA}.Release with Code Analysis|Mixed Platforms.ActiveCfg = Release|Any CPU
		{BA605CD0-1CB4-4289-B4C7-CA6B2DC928BA}.Release with Code Analysis|Mixed Platforms.Build.0 = Release|Any CPU
		{BA605CD0-1CB4-4289-B4C7-CA6B2DC928BA}.Release with Code Analysis|x86.ActiveCfg = Release|Any CPU
		{BA605CD0-1CB4-4289-B4C7-CA6B2DC928BA}.Release|Any CPU.ActiveCfg = Release|Any CPU
		{BA605CD0-1CB4-4289-B4C7-CA6B2DC928BA}.Release|Any CPU.Build.0 = Release|Any CPU
		{BA605CD0-1CB4-4289-B4C7-CA6B2DC928BA}.Release|Mixed Platforms.ActiveCfg = Release|Any CPU
		{BA605CD0-1CB4-4289-B4C7-CA6B2DC928BA}.Release|Mixed Platforms.Build.0 = Release|Any CPU
		{BA605CD0-1CB4-4289-B4C7-CA6B2DC928BA}.Release|x86.ActiveCfg = Release|Any CPU
		{3A161D3D-4BC0-4B74-AB05-E814235A04CB}.Debug|Any CPU.ActiveCfg = Debug|Any CPU
		{3A161D3D-4BC0-4B74-AB05-E814235A04CB}.Debug|Any CPU.Build.0 = Debug|Any CPU
		{3A161D3D-4BC0-4B74-AB05-E814235A04CB}.Debug|Mixed Platforms.ActiveCfg = Debug|Any CPU
		{3A161D3D-4BC0-4B74-AB05-E814235A04CB}.Debug|Mixed Platforms.Build.0 = Debug|Any CPU
		{3A161D3D-4BC0-4B74-AB05-E814235A04CB}.Debug|x86.ActiveCfg = Debug|Any CPU
		{3A161D3D-4BC0-4B74-AB05-E814235A04CB}.Release with Code Analysis|Any CPU.ActiveCfg = Release|Any CPU
		{3A161D3D-4BC0-4B74-AB05-E814235A04CB}.Release with Code Analysis|Any CPU.Build.0 = Release|Any CPU
		{3A161D3D-4BC0-4B74-AB05-E814235A04CB}.Release with Code Analysis|Mixed Platforms.ActiveCfg = Release|Any CPU
		{3A161D3D-4BC0-4B74-AB05-E814235A04CB}.Release with Code Analysis|Mixed Platforms.Build.0 = Release|Any CPU
		{3A161D3D-4BC0-4B74-AB05-E814235A04CB}.Release with Code Analysis|x86.ActiveCfg = Release|Any CPU
		{3A161D3D-4BC0-4B74-AB05-E814235A04CB}.Release|Any CPU.ActiveCfg = Release|Any CPU
		{3A161D3D-4BC0-4B74-AB05-E814235A04CB}.Release|Any CPU.Build.0 = Release|Any CPU
		{3A161D3D-4BC0-4B74-AB05-E814235A04CB}.Release|Mixed Platforms.ActiveCfg = Release|Any CPU
		{3A161D3D-4BC0-4B74-AB05-E814235A04CB}.Release|Mixed Platforms.Build.0 = Release|Any CPU
		{3A161D3D-4BC0-4B74-AB05-E814235A04CB}.Release|x86.ActiveCfg = Release|Any CPU
		{72820A78-388A-44CF-868B-86C64BD1839B}.Debug|Any CPU.ActiveCfg = Debug|Any CPU
		{72820A78-388A-44CF-868B-86C64BD1839B}.Debug|Any CPU.Build.0 = Debug|Any CPU
		{72820A78-388A-44CF-868B-86C64BD1839B}.Debug|Mixed Platforms.ActiveCfg = Debug|Any CPU
		{72820A78-388A-44CF-868B-86C64BD1839B}.Debug|Mixed Platforms.Build.0 = Debug|Any CPU
		{72820A78-388A-44CF-868B-86C64BD1839B}.Debug|x86.ActiveCfg = Debug|Any CPU
		{72820A78-388A-44CF-868B-86C64BD1839B}.Release with Code Analysis|Any CPU.ActiveCfg = Release|Any CPU
		{72820A78-388A-44CF-868B-86C64BD1839B}.Release with Code Analysis|Any CPU.Build.0 = Release|Any CPU
		{72820A78-388A-44CF-868B-86C64BD1839B}.Release with Code Analysis|Mixed Platforms.ActiveCfg = Release|Any CPU
		{72820A78-388A-44CF-868B-86C64BD1839B}.Release with Code Analysis|Mixed Platforms.Build.0 = Release|Any CPU
		{72820A78-388A-44CF-868B-86C64BD1839B}.Release with Code Analysis|x86.ActiveCfg = Release|Any CPU
		{72820A78-388A-44CF-868B-86C64BD1839B}.Release|Any CPU.ActiveCfg = Release|Any CPU
		{72820A78-388A-44CF-868B-86C64BD1839B}.Release|Any CPU.Build.0 = Release|Any CPU
		{72820A78-388A-44CF-868B-86C64BD1839B}.Release|Mixed Platforms.ActiveCfg = Release|Any CPU
		{72820A78-388A-44CF-868B-86C64BD1839B}.Release|Mixed Platforms.Build.0 = Release|Any CPU
		{72820A78-388A-44CF-868B-86C64BD1839B}.Release|x86.ActiveCfg = Release|Any CPU
		{62091E95-9806-4650-844A-F02CA6E6E13F}.Debug|Any CPU.ActiveCfg = Debug|Any CPU
		{62091E95-9806-4650-844A-F02CA6E6E13F}.Debug|Any CPU.Build.0 = Debug|Any CPU
		{62091E95-9806-4650-844A-F02CA6E6E13F}.Debug|Mixed Platforms.ActiveCfg = Debug|Any CPU
		{62091E95-9806-4650-844A-F02CA6E6E13F}.Debug|Mixed Platforms.Build.0 = Debug|Any CPU
		{62091E95-9806-4650-844A-F02CA6E6E13F}.Debug|x86.ActiveCfg = Debug|Any CPU
		{62091E95-9806-4650-844A-F02CA6E6E13F}.Release with Code Analysis|Any CPU.ActiveCfg = Release|Any CPU
		{62091E95-9806-4650-844A-F02CA6E6E13F}.Release with Code Analysis|Any CPU.Build.0 = Release|Any CPU
		{62091E95-9806-4650-844A-F02CA6E6E13F}.Release with Code Analysis|Mixed Platforms.ActiveCfg = Release|Any CPU
		{62091E95-9806-4650-844A-F02CA6E6E13F}.Release with Code Analysis|Mixed Platforms.Build.0 = Release|Any CPU
		{62091E95-9806-4650-844A-F02CA6E6E13F}.Release with Code Analysis|x86.ActiveCfg = Release|Any CPU
		{62091E95-9806-4650-844A-F02CA6E6E13F}.Release|Any CPU.ActiveCfg = Release|Any CPU
		{62091E95-9806-4650-844A-F02CA6E6E13F}.Release|Any CPU.Build.0 = Release|Any CPU
		{62091E95-9806-4650-844A-F02CA6E6E13F}.Release|Mixed Platforms.ActiveCfg = Release|Any CPU
		{62091E95-9806-4650-844A-F02CA6E6E13F}.Release|Mixed Platforms.Build.0 = Release|Any CPU
		{62091E95-9806-4650-844A-F02CA6E6E13F}.Release|x86.ActiveCfg = Release|Any CPU
		{442CFA8B-3C4A-4F12-9FB4-92B68D44A857}.Debug|Any CPU.ActiveCfg = Debug|Any CPU
		{442CFA8B-3C4A-4F12-9FB4-92B68D44A857}.Debug|Any CPU.Build.0 = Debug|Any CPU
		{442CFA8B-3C4A-4F12-9FB4-92B68D44A857}.Debug|Mixed Platforms.ActiveCfg = Debug|Any CPU
		{442CFA8B-3C4A-4F12-9FB4-92B68D44A857}.Debug|Mixed Platforms.Build.0 = Debug|Any CPU
		{442CFA8B-3C4A-4F12-9FB4-92B68D44A857}.Debug|x86.ActiveCfg = Debug|Any CPU
		{442CFA8B-3C4A-4F12-9FB4-92B68D44A857}.Release with Code Analysis|Any CPU.ActiveCfg = Release|Any CPU
		{442CFA8B-3C4A-4F12-9FB4-92B68D44A857}.Release with Code Analysis|Any CPU.Build.0 = Release|Any CPU
		{442CFA8B-3C4A-4F12-9FB4-92B68D44A857}.Release with Code Analysis|Mixed Platforms.ActiveCfg = Release|Any CPU
		{442CFA8B-3C4A-4F12-9FB4-92B68D44A857}.Release with Code Analysis|Mixed Platforms.Build.0 = Release|Any CPU
		{442CFA8B-3C4A-4F12-9FB4-92B68D44A857}.Release with Code Analysis|x86.ActiveCfg = Release|Any CPU
		{442CFA8B-3C4A-4F12-9FB4-92B68D44A857}.Release|Any CPU.ActiveCfg = Release|Any CPU
		{442CFA8B-3C4A-4F12-9FB4-92B68D44A857}.Release|Any CPU.Build.0 = Release|Any CPU
		{442CFA8B-3C4A-4F12-9FB4-92B68D44A857}.Release|Mixed Platforms.ActiveCfg = Release|Any CPU
		{442CFA8B-3C4A-4F12-9FB4-92B68D44A857}.Release|Mixed Platforms.Build.0 = Release|Any CPU
		{442CFA8B-3C4A-4F12-9FB4-92B68D44A857}.Release|x86.ActiveCfg = Release|Any CPU
		{2297E0DA-85BE-4B96-9EFF-B6FA86CE80B3}.Debug|Any CPU.ActiveCfg = Debug|x86
		{2297E0DA-85BE-4B96-9EFF-B6FA86CE80B3}.Debug|Mixed Platforms.ActiveCfg = Debug|x86
		{2297E0DA-85BE-4B96-9EFF-B6FA86CE80B3}.Debug|Mixed Platforms.Build.0 = Debug|x86
		{2297E0DA-85BE-4B96-9EFF-B6FA86CE80B3}.Debug|x86.ActiveCfg = Debug|x86
		{2297E0DA-85BE-4B96-9EFF-B6FA86CE80B3}.Debug|x86.Build.0 = Debug|x86
		{2297E0DA-85BE-4B96-9EFF-B6FA86CE80B3}.Release with Code Analysis|Any CPU.ActiveCfg = Release|x86
		{2297E0DA-85BE-4B96-9EFF-B6FA86CE80B3}.Release with Code Analysis|Mixed Platforms.ActiveCfg = Release|x86
		{2297E0DA-85BE-4B96-9EFF-B6FA86CE80B3}.Release with Code Analysis|Mixed Platforms.Build.0 = Release|x86
		{2297E0DA-85BE-4B96-9EFF-B6FA86CE80B3}.Release with Code Analysis|x86.ActiveCfg = Release|x86
		{2297E0DA-85BE-4B96-9EFF-B6FA86CE80B3}.Release with Code Analysis|x86.Build.0 = Release|x86
		{2297E0DA-85BE-4B96-9EFF-B6FA86CE80B3}.Release|Any CPU.ActiveCfg = Release|x86
		{2297E0DA-85BE-4B96-9EFF-B6FA86CE80B3}.Release|Mixed Platforms.ActiveCfg = Release|x86
		{2297E0DA-85BE-4B96-9EFF-B6FA86CE80B3}.Release|Mixed Platforms.Build.0 = Release|x86
		{2297E0DA-85BE-4B96-9EFF-B6FA86CE80B3}.Release|x86.ActiveCfg = Release|x86
		{2297E0DA-85BE-4B96-9EFF-B6FA86CE80B3}.Release|x86.Build.0 = Release|x86
		{A69B11C2-FF50-4646-B7D3-5F6F64C2912B}.Debug|Any CPU.ActiveCfg = Debug|Any CPU
		{A69B11C2-FF50-4646-B7D3-5F6F64C2912B}.Debug|Any CPU.Build.0 = Debug|Any CPU
		{A69B11C2-FF50-4646-B7D3-5F6F64C2912B}.Debug|Mixed Platforms.ActiveCfg = Debug|Any CPU
		{A69B11C2-FF50-4646-B7D3-5F6F64C2912B}.Debug|Mixed Platforms.Build.0 = Debug|Any CPU
		{A69B11C2-FF50-4646-B7D3-5F6F64C2912B}.Debug|x86.ActiveCfg = Debug|Any CPU
		{A69B11C2-FF50-4646-B7D3-5F6F64C2912B}.Release with Code Analysis|Any CPU.ActiveCfg = Release|Any CPU
		{A69B11C2-FF50-4646-B7D3-5F6F64C2912B}.Release with Code Analysis|Any CPU.Build.0 = Release|Any CPU
		{A69B11C2-FF50-4646-B7D3-5F6F64C2912B}.Release with Code Analysis|Mixed Platforms.ActiveCfg = Release|Any CPU
		{A69B11C2-FF50-4646-B7D3-5F6F64C2912B}.Release with Code Analysis|Mixed Platforms.Build.0 = Release|Any CPU
		{A69B11C2-FF50-4646-B7D3-5F6F64C2912B}.Release with Code Analysis|x86.ActiveCfg = Release|Any CPU
		{A69B11C2-FF50-4646-B7D3-5F6F64C2912B}.Release|Any CPU.ActiveCfg = Release|Any CPU
		{A69B11C2-FF50-4646-B7D3-5F6F64C2912B}.Release|Any CPU.Build.0 = Release|Any CPU
		{A69B11C2-FF50-4646-B7D3-5F6F64C2912B}.Release|Mixed Platforms.ActiveCfg = Release|Any CPU
		{A69B11C2-FF50-4646-B7D3-5F6F64C2912B}.Release|Mixed Platforms.Build.0 = Release|Any CPU
		{A69B11C2-FF50-4646-B7D3-5F6F64C2912B}.Release|x86.ActiveCfg = Release|Any CPU
		{197248D3-A613-4853-8299-872840BF3D49}.Debug|Any CPU.ActiveCfg = Debug|Any CPU
		{197248D3-A613-4853-8299-872840BF3D49}.Debug|Any CPU.Build.0 = Debug|Any CPU
		{197248D3-A613-4853-8299-872840BF3D49}.Debug|Mixed Platforms.ActiveCfg = Debug|Any CPU
		{197248D3-A613-4853-8299-872840BF3D49}.Debug|Mixed Platforms.Build.0 = Debug|Any CPU
		{197248D3-A613-4853-8299-872840BF3D49}.Debug|x86.ActiveCfg = Debug|Any CPU
		{197248D3-A613-4853-8299-872840BF3D49}.Release with Code Analysis|Any CPU.ActiveCfg = Release|Any CPU
		{197248D3-A613-4853-8299-872840BF3D49}.Release with Code Analysis|Any CPU.Build.0 = Release|Any CPU
		{197248D3-A613-4853-8299-872840BF3D49}.Release with Code Analysis|Mixed Platforms.ActiveCfg = Release|Any CPU
		{197248D3-A613-4853-8299-872840BF3D49}.Release with Code Analysis|Mixed Platforms.Build.0 = Release|Any CPU
		{197248D3-A613-4853-8299-872840BF3D49}.Release with Code Analysis|x86.ActiveCfg = Release|Any CPU
		{197248D3-A613-4853-8299-872840BF3D49}.Release|Any CPU.ActiveCfg = Release|Any CPU
		{197248D3-A613-4853-8299-872840BF3D49}.Release|Any CPU.Build.0 = Release|Any CPU
		{197248D3-A613-4853-8299-872840BF3D49}.Release|Mixed Platforms.ActiveCfg = Release|Any CPU
		{197248D3-A613-4853-8299-872840BF3D49}.Release|Mixed Platforms.Build.0 = Release|Any CPU
		{197248D3-A613-4853-8299-872840BF3D49}.Release|x86.ActiveCfg = Release|Any CPU
		{9CFB283A-35EA-4E70-A75B-25CBDD5883C8}.Debug|Any CPU.ActiveCfg = Debug|Any CPU
		{9CFB283A-35EA-4E70-A75B-25CBDD5883C8}.Debug|Any CPU.Build.0 = Debug|Any CPU
		{9CFB283A-35EA-4E70-A75B-25CBDD5883C8}.Debug|Mixed Platforms.ActiveCfg = Debug|Any CPU
		{9CFB283A-35EA-4E70-A75B-25CBDD5883C8}.Debug|Mixed Platforms.Build.0 = Debug|Any CPU
		{9CFB283A-35EA-4E70-A75B-25CBDD5883C8}.Debug|x86.ActiveCfg = Debug|Any CPU
		{9CFB283A-35EA-4E70-A75B-25CBDD5883C8}.Release with Code Analysis|Any CPU.ActiveCfg = Release|Any CPU
		{9CFB283A-35EA-4E70-A75B-25CBDD5883C8}.Release with Code Analysis|Any CPU.Build.0 = Release|Any CPU
		{9CFB283A-35EA-4E70-A75B-25CBDD5883C8}.Release with Code Analysis|Mixed Platforms.ActiveCfg = Release|Any CPU
		{9CFB283A-35EA-4E70-A75B-25CBDD5883C8}.Release with Code Analysis|Mixed Platforms.Build.0 = Release|Any CPU
		{9CFB283A-35EA-4E70-A75B-25CBDD5883C8}.Release with Code Analysis|x86.ActiveCfg = Release|Any CPU
		{9CFB283A-35EA-4E70-A75B-25CBDD5883C8}.Release|Any CPU.ActiveCfg = Release|Any CPU
		{9CFB283A-35EA-4E70-A75B-25CBDD5883C8}.Release|Any CPU.Build.0 = Release|Any CPU
		{9CFB283A-35EA-4E70-A75B-25CBDD5883C8}.Release|Mixed Platforms.ActiveCfg = Release|Any CPU
		{9CFB283A-35EA-4E70-A75B-25CBDD5883C8}.Release|Mixed Platforms.Build.0 = Release|Any CPU
		{9CFB283A-35EA-4E70-A75B-25CBDD5883C8}.Release|x86.ActiveCfg = Release|Any CPU
		{9DEC4C54-CB4E-46C2-B346-84BAF9AD2A23}.Debug|Any CPU.ActiveCfg = Debug|Any CPU
		{9DEC4C54-CB4E-46C2-B346-84BAF9AD2A23}.Debug|Any CPU.Build.0 = Debug|Any CPU
		{9DEC4C54-CB4E-46C2-B346-84BAF9AD2A23}.Debug|Mixed Platforms.ActiveCfg = Debug|Any CPU
		{9DEC4C54-CB4E-46C2-B346-84BAF9AD2A23}.Debug|Mixed Platforms.Build.0 = Debug|Any CPU
		{9DEC4C54-CB4E-46C2-B346-84BAF9AD2A23}.Debug|x86.ActiveCfg = Debug|Any CPU
		{9DEC4C54-CB4E-46C2-B346-84BAF9AD2A23}.Release with Code Analysis|Any CPU.ActiveCfg = Release|Any CPU
		{9DEC4C54-CB4E-46C2-B346-84BAF9AD2A23}.Release with Code Analysis|Any CPU.Build.0 = Release|Any CPU
		{9DEC4C54-CB4E-46C2-B346-84BAF9AD2A23}.Release with Code Analysis|Mixed Platforms.ActiveCfg = Release|Any CPU
		{9DEC4C54-CB4E-46C2-B346-84BAF9AD2A23}.Release with Code Analysis|Mixed Platforms.Build.0 = Release|Any CPU
		{9DEC4C54-CB4E-46C2-B346-84BAF9AD2A23}.Release with Code Analysis|x86.ActiveCfg = Release|Any CPU
		{9DEC4C54-CB4E-46C2-B346-84BAF9AD2A23}.Release|Any CPU.ActiveCfg = Release|Any CPU
		{9DEC4C54-CB4E-46C2-B346-84BAF9AD2A23}.Release|Any CPU.Build.0 = Release|Any CPU
		{9DEC4C54-CB4E-46C2-B346-84BAF9AD2A23}.Release|Mixed Platforms.ActiveCfg = Release|Any CPU
		{9DEC4C54-CB4E-46C2-B346-84BAF9AD2A23}.Release|Mixed Platforms.Build.0 = Release|Any CPU
		{9DEC4C54-CB4E-46C2-B346-84BAF9AD2A23}.Release|x86.ActiveCfg = Release|Any CPU
		{C98FCB75-CAEF-438F-B06D-436D56A40000}.Debug|Any CPU.ActiveCfg = Debug|Any CPU
		{C98FCB75-CAEF-438F-B06D-436D56A40000}.Debug|Any CPU.Build.0 = Debug|Any CPU
		{C98FCB75-CAEF-438F-B06D-436D56A40000}.Debug|Mixed Platforms.ActiveCfg = Debug|Any CPU
		{C98FCB75-CAEF-438F-B06D-436D56A40000}.Debug|Mixed Platforms.Build.0 = Debug|Any CPU
		{C98FCB75-CAEF-438F-B06D-436D56A40000}.Debug|x86.ActiveCfg = Debug|Any CPU
		{C98FCB75-CAEF-438F-B06D-436D56A40000}.Release with Code Analysis|Any CPU.ActiveCfg = Release|Any CPU
		{C98FCB75-CAEF-438F-B06D-436D56A40000}.Release with Code Analysis|Any CPU.Build.0 = Release|Any CPU
		{C98FCB75-CAEF-438F-B06D-436D56A40000}.Release with Code Analysis|Mixed Platforms.ActiveCfg = Release|Any CPU
		{C98FCB75-CAEF-438F-B06D-436D56A40000}.Release with Code Analysis|Mixed Platforms.Build.0 = Release|Any CPU
		{C98FCB75-CAEF-438F-B06D-436D56A40000}.Release with Code Analysis|x86.ActiveCfg = Release|Any CPU
		{C98FCB75-CAEF-438F-B06D-436D56A40000}.Release|Any CPU.ActiveCfg = Release|Any CPU
		{C98FCB75-CAEF-438F-B06D-436D56A40000}.Release|Any CPU.Build.0 = Release|Any CPU
		{C98FCB75-CAEF-438F-B06D-436D56A40000}.Release|Mixed Platforms.ActiveCfg = Release|Any CPU
		{C98FCB75-CAEF-438F-B06D-436D56A40000}.Release|Mixed Platforms.Build.0 = Release|Any CPU
		{C98FCB75-CAEF-438F-B06D-436D56A40000}.Release|x86.ActiveCfg = Release|Any CPU
		{406CACEA-6D54-480C-A284-A5A97314D994}.Debug|Any CPU.ActiveCfg = Debug|Any CPU
		{406CACEA-6D54-480C-A284-A5A97314D994}.Debug|Any CPU.Build.0 = Debug|Any CPU
		{406CACEA-6D54-480C-A284-A5A97314D994}.Debug|Mixed Platforms.ActiveCfg = Debug|Any CPU
		{406CACEA-6D54-480C-A284-A5A97314D994}.Debug|Mixed Platforms.Build.0 = Debug|Any CPU
		{406CACEA-6D54-480C-A284-A5A97314D994}.Debug|x86.ActiveCfg = Debug|Any CPU
		{406CACEA-6D54-480C-A284-A5A97314D994}.Release with Code Analysis|Any CPU.ActiveCfg = Release|Any CPU
		{406CACEA-6D54-480C-A284-A5A97314D994}.Release with Code Analysis|Any CPU.Build.0 = Release|Any CPU
		{406CACEA-6D54-480C-A284-A5A97314D994}.Release with Code Analysis|Mixed Platforms.ActiveCfg = Release|Any CPU
		{406CACEA-6D54-480C-A284-A5A97314D994}.Release with Code Analysis|Mixed Platforms.Build.0 = Release|Any CPU
		{406CACEA-6D54-480C-A284-A5A97314D994}.Release with Code Analysis|x86.ActiveCfg = Release|Any CPU
		{406CACEA-6D54-480C-A284-A5A97314D994}.Release|Any CPU.ActiveCfg = Release|Any CPU
		{406CACEA-6D54-480C-A284-A5A97314D994}.Release|Any CPU.Build.0 = Release|Any CPU
		{406CACEA-6D54-480C-A284-A5A97314D994}.Release|Mixed Platforms.ActiveCfg = Release|Any CPU
		{406CACEA-6D54-480C-A284-A5A97314D994}.Release|Mixed Platforms.Build.0 = Release|Any CPU
		{406CACEA-6D54-480C-A284-A5A97314D994}.Release|x86.ActiveCfg = Release|Any CPU
		{C1998A36-E3F7-417D-9B8A-034870A36919}.Debug|Any CPU.ActiveCfg = Debug|Any CPU
		{C1998A36-E3F7-417D-9B8A-034870A36919}.Debug|Any CPU.Build.0 = Debug|Any CPU
		{C1998A36-E3F7-417D-9B8A-034870A36919}.Debug|Mixed Platforms.ActiveCfg = Debug|Any CPU
		{C1998A36-E3F7-417D-9B8A-034870A36919}.Debug|Mixed Platforms.Build.0 = Debug|Any CPU
		{C1998A36-E3F7-417D-9B8A-034870A36919}.Debug|x86.ActiveCfg = Debug|Any CPU
		{C1998A36-E3F7-417D-9B8A-034870A36919}.Release with Code Analysis|Any CPU.ActiveCfg = Release|Any CPU
		{C1998A36-E3F7-417D-9B8A-034870A36919}.Release with Code Analysis|Any CPU.Build.0 = Release|Any CPU
		{C1998A36-E3F7-417D-9B8A-034870A36919}.Release with Code Analysis|Mixed Platforms.ActiveCfg = Release|Any CPU
		{C1998A36-E3F7-417D-9B8A-034870A36919}.Release with Code Analysis|Mixed Platforms.Build.0 = Release|Any CPU
		{C1998A36-E3F7-417D-9B8A-034870A36919}.Release with Code Analysis|x86.ActiveCfg = Release|Any CPU
		{C1998A36-E3F7-417D-9B8A-034870A36919}.Release|Any CPU.ActiveCfg = Release|Any CPU
		{C1998A36-E3F7-417D-9B8A-034870A36919}.Release|Any CPU.Build.0 = Release|Any CPU
		{C1998A36-E3F7-417D-9B8A-034870A36919}.Release|Mixed Platforms.ActiveCfg = Release|Any CPU
		{C1998A36-E3F7-417D-9B8A-034870A36919}.Release|Mixed Platforms.Build.0 = Release|Any CPU
		{C1998A36-E3F7-417D-9B8A-034870A36919}.Release|x86.ActiveCfg = Release|Any CPU
		{EB0F7B30-4AF0-4A60-9A5D-63E96CAD3592}.Debug|Any CPU.ActiveCfg = Debug|Any CPU
		{EB0F7B30-4AF0-4A60-9A5D-63E96CAD3592}.Debug|Any CPU.Build.0 = Debug|Any CPU
		{EB0F7B30-4AF0-4A60-9A5D-63E96CAD3592}.Debug|Mixed Platforms.ActiveCfg = Debug|Any CPU
		{EB0F7B30-4AF0-4A60-9A5D-63E96CAD3592}.Debug|Mixed Platforms.Build.0 = Debug|Any CPU
		{EB0F7B30-4AF0-4A60-9A5D-63E96CAD3592}.Debug|x86.ActiveCfg = Debug|Any CPU
		{EB0F7B30-4AF0-4A60-9A5D-63E96CAD3592}.Release with Code Analysis|Any CPU.ActiveCfg = Release|Any CPU
		{EB0F7B30-4AF0-4A60-9A5D-63E96CAD3592}.Release with Code Analysis|Any CPU.Build.0 = Release|Any CPU
		{EB0F7B30-4AF0-4A60-9A5D-63E96CAD3592}.Release with Code Analysis|Mixed Platforms.ActiveCfg = Release|Any CPU
		{EB0F7B30-4AF0-4A60-9A5D-63E96CAD3592}.Release with Code Analysis|Mixed Platforms.Build.0 = Release|Any CPU
		{EB0F7B30-4AF0-4A60-9A5D-63E96CAD3592}.Release with Code Analysis|x86.ActiveCfg = Release|Any CPU
		{EB0F7B30-4AF0-4A60-9A5D-63E96CAD3592}.Release|Any CPU.ActiveCfg = Release|Any CPU
		{EB0F7B30-4AF0-4A60-9A5D-63E96CAD3592}.Release|Any CPU.Build.0 = Release|Any CPU
		{EB0F7B30-4AF0-4A60-9A5D-63E96CAD3592}.Release|Mixed Platforms.ActiveCfg = Release|Any CPU
		{EB0F7B30-4AF0-4A60-9A5D-63E96CAD3592}.Release|Mixed Platforms.Build.0 = Release|Any CPU
		{EB0F7B30-4AF0-4A60-9A5D-63E96CAD3592}.Release|x86.ActiveCfg = Release|Any CPU

		{9FA1C5B1-AD12-4356-A6E6-FCD1BB9361C9}.Debug|Any CPU.ActiveCfg = Debug|Any CPU
		{9FA1C5B1-AD12-4356-A6E6-FCD1BB9361C9}.Debug|Any CPU.Build.0 = Debug|Any CPU
		{9FA1C5B1-AD12-4356-A6E6-FCD1BB9361C9}.Debug|Mixed Platforms.ActiveCfg = Debug|Any CPU
		{9FA1C5B1-AD12-4356-A6E6-FCD1BB9361C9}.Debug|Mixed Platforms.Build.0 = Debug|Any CPU
		{9FA1C5B1-AD12-4356-A6E6-FCD1BB9361C9}.Debug|x86.ActiveCfg = Debug|Any CPU
		{9FA1C5B1-AD12-4356-A6E6-FCD1BB9361C9}.Release with Code Analysis|Any CPU.ActiveCfg = Release|Any CPU
		{9FA1C5B1-AD12-4356-A6E6-FCD1BB9361C9}.Release with Code Analysis|Any CPU.Build.0 = Release|Any CPU
		{9FA1C5B1-AD12-4356-A6E6-FCD1BB9361C9}.Release with Code Analysis|Mixed Platforms.ActiveCfg = Release|Any CPU
		{9FA1C5B1-AD12-4356-A6E6-FCD1BB9361C9}.Release with Code Analysis|Mixed Platforms.Build.0 = Release|Any CPU
		{9FA1C5B1-AD12-4356-A6E6-FCD1BB9361C9}.Release with Code Analysis|x86.ActiveCfg = Release|Any CPU
		{9FA1C5B1-AD12-4356-A6E6-FCD1BB9361C9}.Release|Any CPU.ActiveCfg = Release|Any CPU
		{9FA1C5B1-AD12-4356-A6E6-FCD1BB9361C9}.Release|Any CPU.Build.0 = Release|Any CPU
		{9FA1C5B1-AD12-4356-A6E6-FCD1BB9361C9}.Release|Mixed Platforms.ActiveCfg = Release|Any CPU
		{9FA1C5B1-AD12-4356-A6E6-FCD1BB9361C9}.Release|Mixed Platforms.Build.0 = Release|Any CPU
		{9FA1C5B1-AD12-4356-A6E6-FCD1BB9361C9}.Release|x86.ActiveCfg = Release|Any CPU

		{EA056304-F741-47A4-A0FC-64A5BF099569}.Debug|Any CPU.ActiveCfg = Debug|Any CPU
		{EA056304-F741-47A4-A0FC-64A5BF099569}.Debug|Any CPU.Build.0 = Debug|Any CPU
		{EA056304-F741-47A4-A0FC-64A5BF099569}.Debug|Mixed Platforms.ActiveCfg = Debug|Any CPU
		{EA056304-F741-47A4-A0FC-64A5BF099569}.Debug|Mixed Platforms.Build.0 = Debug|Any CPU
		{EA056304-F741-47A4-A0FC-64A5BF099569}.Debug|x86.ActiveCfg = Debug|Any CPU
		{EA056304-F741-47A4-A0FC-64A5BF099569}.Release with Code Analysis|Any CPU.ActiveCfg = Release|Any CPU
		{EA056304-F741-47A4-A0FC-64A5BF099569}.Release with Code Analysis|Any CPU.Build.0 = Release|Any CPU
		{EA056304-F741-47A4-A0FC-64A5BF099569}.Release with Code Analysis|Mixed Platforms.ActiveCfg = Release|Any CPU
		{EA056304-F741-47A4-A0FC-64A5BF099569}.Release with Code Analysis|Mixed Platforms.Build.0 = Release|Any CPU
		{EA056304-F741-47A4-A0FC-64A5BF099569}.Release with Code Analysis|x86.ActiveCfg = Release|Any CPU
		{EA056304-F741-47A4-A0FC-64A5BF099569}.Release|Any CPU.ActiveCfg = Release|Any CPU
		{EA056304-F741-47A4-A0FC-64A5BF099569}.Release|Any CPU.Build.0 = Release|Any CPU
		{EA056304-F741-47A4-A0FC-64A5BF099569}.Release|Mixed Platforms.ActiveCfg = Release|Any CPU
		{EA056304-F741-47A4-A0FC-64A5BF099569}.Release|Mixed Platforms.Build.0 = Release|Any CPU
		{EA056304-F741-47A4-A0FC-64A5BF099569}.Release|x86.ActiveCfg = Release|Any CPU

	EndGlobalSection
	GlobalSection(SolutionProperties) = preSolution
		HideSolutionNode = FALSE
	EndGlobalSection
	GlobalSection(NestedProjects) = preSolution
		{442CFA8B-3C4A-4F12-9FB4-92B68D44A857} = {94AD8B9D-52E4-490B-BD05-A98169531A57}
		{2297E0DA-85BE-4B96-9EFF-B6FA86CE80B3} = {94AD8B9D-52E4-490B-BD05-A98169531A57}
		{EB0F7B30-4AF0-4A60-9A5D-63E96CAD3592} = {94AD8B9D-52E4-490B-BD05-A98169531A57}
		{72820A78-388A-44CF-868B-86C64BD1839B} = {E727B418-12AA-459E-83ED-805BF0C0B7AF}
		{62091E95-9806-4650-844A-F02CA6E6E13F} = {E727B418-12AA-459E-83ED-805BF0C0B7AF}
		{BA605CD0-1CB4-4289-B4C7-CA6B2DC928BA} = {FC5CA7BA-0CF9-4DF0-AE83-94E7EB47C58A}
		{C1998A36-E3F7-417D-9B8A-034870A36919} = {FC5CA7BA-0CF9-4DF0-AE83-94E7EB47C58A}
		{1FCAFDEF-AB34-4259-B208-79175E30C876} = {9EC71D0A-50B6-471E-878A-E04C72D4BB2F}
		{086221B5-E395-43A7-B3BA-D566E8BE2C6A} = {9EC71D0A-50B6-471E-878A-E04C72D4BB2F}
		{667A138F-AB92-4D79-8073-6BA5E30F8D8C} = {9EC71D0A-50B6-471E-878A-E04C72D4BB2F}
		{3A161D3D-4BC0-4B74-AB05-E814235A04CB} = {EC5B1719-987C-4AE2-A47C-9E5338B8FEAA}
		{EA056304-F741-47A4-A0FC-64A5BF099569} = {EC5B1719-987C-4AE2-A47C-9E5338B8FEAA}
		{78BBE281-F205-49D8-A22B-AA912F320856} = {1FCAFDEF-AB34-4259-B208-79175E30C876}
		{A7B3773D-9D33-4AA0-A2A2-6FF94EB27E0F} = {1FCAFDEF-AB34-4259-B208-79175E30C876}
		{A69B11C2-FF50-4646-B7D3-5F6F64C2912B} = {1FCAFDEF-AB34-4259-B208-79175E30C876}
		{197248D3-A613-4853-8299-872840BF3D49} = {1FCAFDEF-AB34-4259-B208-79175E30C876}
		{9DEC4C54-CB4E-46C2-B346-84BAF9AD2A23} = {1FCAFDEF-AB34-4259-B208-79175E30C876}
		{26FC262D-1525-4215-9099-F71C5A25B3C4} = {1FCAFDEF-AB34-4259-B208-79175E30C876}
		{9FA1C5B1-AD12-4356-A6E6-FCD1BB9361C9} = {1FCAFDEF-AB34-4259-B208-79175E30C876}
		{406CACEA-6D54-480C-A284-A5A97314D994} = {086221B5-E395-43A7-B3BA-D566E8BE2C6A}
		{9D885213-6EFF-4B7E-8CB0-68F16009042A} = {086221B5-E395-43A7-B3BA-D566E8BE2C6A}
		{9CFB283A-35EA-4E70-A75B-25CBDD5883C8} = {667A138F-AB92-4D79-8073-6BA5E30F8D8C}
		{C98FCB75-CAEF-438F-B06D-436D56A40000} = {667A138F-AB92-4D79-8073-6BA5E30F8D8C}
		{841EE9FD-8034-4CB2-A7A2-4E1692564FBF} = {667A138F-AB92-4D79-8073-6BA5E30F8D8C}
	EndGlobalSection
	GlobalSection(ExtensibilityGlobals) = postSolution
		EnterpriseLibraryConfigurationToolBinariesPath = packages\Unity.2.1.505.0\lib\NET35
	EndGlobalSection
EndGlobal
